
Microsoft Visual Studio Solution File, Format Version 12.00
# Visual Studio Version 16
VisualStudioVersion = 16.0.32802.440
MinimumVisualStudioVersion = 10.0.40219.1
Project("{FAE04EC0-301F-11D3-BF4B-00C04F79EFBC}") = "Ierarxiya", "Ierarxiya\Ierarxiya.csproj", "{8DE2D855-A20E-4F38-B2E2-F2C385A5731E}"
EndProject
Global
	GlobalSection(SolutionConfigurationPlatforms) = preSolution
		Debug|Any CPU = Debug|Any CPU
		Release|Any CPU = Release|Any CPU
	EndGlobalSection
	GlobalSection(ProjectConfigurationPlatforms) = postSolution
		{8DE2D855-A20E-4F38-B2E2-F2C385A5731E}.Debug|Any CPU.ActiveCfg = Debug|Any CPU
		{8DE2D855-A20E-4F38-B2E2-F2C385A5731E}.Debug|Any CPU.Build.0 = Debug|Any CPU
		{8DE2D855-A20E-4F38-B2E2-F2C385A5731E}.Release|Any CPU.ActiveCfg = Release|Any CPU
		{8DE2D855-A20E-4F38-B2E2-F2C385A5731E}.Release|Any CPU.Build.0 = Release|Any CPU
	EndGlobalSection
	GlobalSection(SolutionProperties) = preSolution
		HideSolutionNode = FALSE
	EndGlobalSection
	GlobalSection(ExtensibilityGlobals) = postSolution
		SolutionGuid = {CE884680-47CA-4F97-8942-0D6933056556}
	EndGlobalSection
EndGlobal
